// !$*UTF8*$!
{
	archiveVersion = 1;
	classes = {
	};
	objectVersion = 46;
	objects = {

/* Begin PBXBuildFile section */
		0EADC6A61D7C1EAF00A61333 /* AnimateElementEditor.m in Sources */ = {isa = PBXBuildFile; fileRef = 0EADC6A51D7C1EAF00A61333 /* AnimateElementEditor.m */; };
		0EADC6A91D7C1F3900A61333 /* AnimateElementKeySplinesView.m in Sources */ = {isa = PBXBuildFile; fileRef = 0EADC6A81D7C1F3900A61333 /* AnimateElementKeySplinesView.m */; };
		0EADC6AC1D7C1F6D00A61333 /* AnimateElementKeyValuesPopoverViewController.m in Sources */ = {isa = PBXBuildFile; fileRef = 0EADC6AB1D7C1F6D00A61333 /* AnimateElementKeyValuesPopoverViewController.m */; };
		0EADC6AF1D7C1FAD00A61333 /* AnimateElementTableRowView.m in Sources */ = {isa = PBXBuildFile; fileRef = 0EADC6AE1D7C1FAD00A61333 /* AnimateElementTableRowView.m */; };
		0EADC6B11D7C1FF100A61333 /* AnimateElementEditor.xib in Resources */ = {isa = PBXBuildFile; fileRef = 0EADC6B01D7C1FF100A61333 /* AnimateElementEditor.xib */; };
		0EADC6B41D7C271E00A61333 /* MacSVGPlugin.framework in Frameworks */ = {isa = PBXBuildFile; fileRef = 0EADC6B31D7C271E00A61333 /* MacSVGPlugin.framework */; };
/* End PBXBuildFile section */

/* Begin PBXFileReference section */
		0EADC69A1D7C1E2600A61333 /* AnimateElementEditor.plugin */ = {isa = PBXFileReference; explicitFileType = wrapper.cfbundle; includeInIndex = 0; path = AnimateElementEditor.plugin; sourceTree = BUILT_PRODUCTS_DIR; };
		0EADC69D1D7C1E2600A61333 /* Info.plist */ = {isa = PBXFileReference; lastKnownFileType = text.plist.xml; path = Info.plist; sourceTree = "<group>"; };
		0EADC6A41D7C1EAF00A61333 /* AnimateElementEditor.h */ = {isa = PBXFileReference; fileEncoding = 4; lastKnownFileType = sourcecode.c.h; path = AnimateElementEditor.h; sourceTree = "<group>"; };
		0EADC6A51D7C1EAF00A61333 /* AnimateElementEditor.m */ = {isa = PBXFileReference; fileEncoding = 4; lastKnownFileType = sourcecode.c.objc; path = AnimateElementEditor.m; sourceTree = "<group>"; };
		0EADC6A71D7C1F3900A61333 /* AnimateElementKeySplinesView.h */ = {isa = PBXFileReference; fileEncoding = 4; lastKnownFileType = sourcecode.c.h; path = AnimateElementKeySplinesView.h; sourceTree = "<group>"; };
		0EADC6A81D7C1F3900A61333 /* AnimateElementKeySplinesView.m */ = {isa = PBXFileReference; fileEncoding = 4; lastKnownFileType = sourcecode.c.objc; path = AnimateElementKeySplinesView.m; sourceTree = "<group>"; };
		0EADC6AA1D7C1F6D00A61333 /* AnimateElementKeyValuesPopoverViewController.h */ = {isa = PBXFileReference; fileEncoding = 4; lastKnownFileType = sourcecode.c.h; path = AnimateElementKeyValuesPopoverViewController.h; sourceTree = "<group>"; };
		0EADC6AB1D7C1F6D00A61333 /* AnimateElementKeyValuesPopoverViewController.m */ = {isa = PBXFileReference; fileEncoding = 4; lastKnownFileType = sourcecode.c.objc; path = AnimateElementKeyValuesPopoverViewController.m; sourceTree = "<group>"; };
		0EADC6AD1D7C1FAD00A61333 /* AnimateElementTableRowView.h */ = {isa = PBXFileReference; fileEncoding = 4; lastKnownFileType = sourcecode.c.h; path = AnimateElementTableRowView.h; sourceTree = "<group>"; };
		0EADC6AE1D7C1FAD00A61333 /* AnimateElementTableRowView.m */ = {isa = PBXFileReference; fileEncoding = 4; lastKnownFileType = sourcecode.c.objc; path = AnimateElementTableRowView.m; sourceTree = "<group>"; };
		0EADC6B01D7C1FF100A61333 /* AnimateElementEditor.xib */ = {isa = PBXFileReference; fileEncoding = 4; lastKnownFileType = file.xib; path = AnimateElementEditor.xib; sourceTree = "<group>"; };
		0EADC6B31D7C271E00A61333 /* MacSVGPlugin.framework */ = {isa = PBXFileReference; lastKnownFileType = wrapper.framework; path = MacSVGPlugin.framework; sourceTree = BUILT_PRODUCTS_DIR; };
		0ECCAFFC1DB4A907001A6085 /* macSVGPluginConfig.xcconfig */ = {isa = PBXFileReference; fileEncoding = 4; lastKnownFileType = text.xcconfig; name = macSVGPluginConfig.xcconfig; path = "../../../macSVGPlugin Framework/macSVGPluginConfig.xcconfig"; sourceTree = "<group>"; };
/* End PBXFileReference section */

/* Begin PBXFrameworksBuildPhase section */
		0EADC6971D7C1E2600A61333 /* Frameworks */ = {
			isa = PBXFrameworksBuildPhase;
			buildActionMask = 2147483647;
			files = (
				0EADC6B41D7C271E00A61333 /* MacSVGPlugin.framework in Frameworks */,
			);
			runOnlyForDeploymentPostprocessing = 0;
		};
/* End PBXFrameworksBuildPhase section */

/* Begin PBXGroup section */
		0EADC6911D7C1E2600A61333 = {
			isa = PBXGroup;
			children = (
				0EADC69C1D7C1E2600A61333 /* AnimateElementEditor */,
				0EADC6B21D7C270700A61333 /* Frameworks */,
				0EADC69B1D7C1E2600A61333 /* Products */,
			);
			sourceTree = "<group>";
		};
		0EADC69B1D7C1E2600A61333 /* Products */ = {
			isa = PBXGroup;
			children = (
				0EADC69A1D7C1E2600A61333 /* AnimateElementEditor.plugin */,
			);
			name = Products;
			sourceTree = "<group>";
		};
		0EADC69C1D7C1E2600A61333 /* AnimateElementEditor */ = {
			isa = PBXGroup;
			children = (
				0EADC6A41D7C1EAF00A61333 /* AnimateElementEditor.h */,
				0EADC6A51D7C1EAF00A61333 /* AnimateElementEditor.m */,
				0EADC6A71D7C1F3900A61333 /* AnimateElementKeySplinesView.h */,
				0EADC6A81D7C1F3900A61333 /* AnimateElementKeySplinesView.m */,
				0EADC6AA1D7C1F6D00A61333 /* AnimateElementKeyValuesPopoverViewController.h */,
				0EADC6AB1D7C1F6D00A61333 /* AnimateElementKeyValuesPopoverViewController.m */,
				0EADC6AD1D7C1FAD00A61333 /* AnimateElementTableRowView.h */,
				0EADC6AE1D7C1FAD00A61333 /* AnimateElementTableRowView.m */,
				0EADC6A31D7C1E6800A61333 /* Supporting Files */,
			);
			path = AnimateElementEditor;
			sourceTree = "<group>";
		};
		0EADC6A31D7C1E6800A61333 /* Supporting Files */ = {
			isa = PBXGroup;
			children = (
				0EADC69D1D7C1E2600A61333 /* Info.plist */,
				0EADC6B01D7C1FF100A61333 /* AnimateElementEditor.xib */,
				0ECCAFFC1DB4A907001A6085 /* macSVGPluginConfig.xcconfig */,
			);
			name = "Supporting Files";
			sourceTree = "<group>";
		};
		0EADC6B21D7C270700A61333 /* Frameworks */ = {
			isa = PBXGroup;
			children = (
				0EADC6B31D7C271E00A61333 /* MacSVGPlugin.framework */,
			);
			name = Frameworks;
			path = AnimateElementEditor;
			sourceTree = "<group>";
		};
/* End PBXGroup section */

/* Begin PBXNativeTarget section */
		0EADC6991D7C1E2600A61333 /* AnimateElementEditor */ = {
			isa = PBXNativeTarget;
			buildConfigurationList = 0EADC6A01D7C1E2600A61333 /* Build configuration list for PBXNativeTarget "AnimateElementEditor" */;
			buildPhases = (
				0EADC6961D7C1E2600A61333 /* Sources */,
				0EADC6971D7C1E2600A61333 /* Frameworks */,
				0EADC6981D7C1E2600A61333 /* Resources */,
			);
			buildRules = (
			);
			dependencies = (
			);
			name = AnimateElementEditor;
			productName = AnimateElementEditor;
			productReference = 0EADC69A1D7C1E2600A61333 /* AnimateElementEditor.plugin */;
			productType = "com.apple.product-type.bundle";
		};
/* End PBXNativeTarget section */

/* Begin PBXProject section */
		0EADC6921D7C1E2600A61333 /* Project object */ = {
			isa = PBXProject;
			attributes = {
				LastUpgradeCheck = 0810;
				ORGANIZATIONNAME = "ArkPhone LLC";
				TargetAttributes = {
					0EADC6991D7C1E2600A61333 = {
						CreatedOnToolsVersion = 7.3;
					};
				};
			};
			buildConfigurationList = 0EADC6951D7C1E2600A61333 /* Build configuration list for PBXProject "AnimateElementEditor" */;
			compatibilityVersion = "Xcode 3.2";
			developmentRegion = English;
			hasScannedForEncodings = 0;
			knownRegions = (
				en,
			);
			mainGroup = 0EADC6911D7C1E2600A61333;
			productRefGroup = 0EADC69B1D7C1E2600A61333 /* Products */;
			projectDirPath = "";
			projectRoot = "";
			targets = (
				0EADC6991D7C1E2600A61333 /* AnimateElementEditor */,
			);
		};
/* End PBXProject section */

/* Begin PBXResourcesBuildPhase section */
		0EADC6981D7C1E2600A61333 /* Resources */ = {
			isa = PBXResourcesBuildPhase;
			buildActionMask = 2147483647;
			files = (
				0EADC6B11D7C1FF100A61333 /* AnimateElementEditor.xib in Resources */,
			);
			runOnlyForDeploymentPostprocessing = 0;
		};
/* End PBXResourcesBuildPhase section */

/* Begin PBXSourcesBuildPhase section */
		0EADC6961D7C1E2600A61333 /* Sources */ = {
			isa = PBXSourcesBuildPhase;
			buildActionMask = 2147483647;
			files = (
				0EADC6A61D7C1EAF00A61333 /* AnimateElementEditor.m in Sources */,
				0EADC6A91D7C1F3900A61333 /* AnimateElementKeySplinesView.m in Sources */,
				0EADC6AC1D7C1F6D00A61333 /* AnimateElementKeyValuesPopoverViewController.m in Sources */,
				0EADC6AF1D7C1FAD00A61333 /* AnimateElementTableRowView.m in Sources */,
			);
			runOnlyForDeploymentPostprocessing = 0;
		};
/* End PBXSourcesBuildPhase section */

/* Begin XCBuildConfiguration section */
		0EADC69E1D7C1E2600A61333 /* Debug */ = {
			isa = XCBuildConfiguration;
			baseConfigurationReference = 0ECCAFFC1DB4A907001A6085 /* macSVGPluginConfig.xcconfig */;
			buildSettings = {
				ALWAYS_SEARCH_USER_PATHS = NO;
				CLANG_ANALYZER_NONNULL = YES;
				CLANG_CXX_LANGUAGE_STANDARD = "gnu++0x";
				CLANG_CXX_LIBRARY = "libc++";
				CLANG_ENABLE_MODULES = YES;
				CLANG_ENABLE_OBJC_ARC = YES;
				CLANG_WARN_BOOL_CONVERSION = YES;
				CLANG_WARN_CONSTANT_CONVERSION = YES;
				CLANG_WARN_DIRECT_OBJC_ISA_USAGE = YES_ERROR;
				CLANG_WARN_EMPTY_BODY = YES;
				CLANG_WARN_ENUM_CONVERSION = YES;
				CLANG_WARN_INFINITE_RECURSION = YES;
				CLANG_WARN_INT_CONVERSION = YES;
				CLANG_WARN_OBJC_ROOT_CLASS = YES_ERROR;
				CLANG_WARN_SUSPICIOUS_MOVE = YES;
				CLANG_WARN_UNREACHABLE_CODE = YES;
				CLANG_WARN__DUPLICATE_METHOD_MATCH = YES;
				CODE_SIGN_IDENTITY = "-";
				COPY_PHASE_STRIP = NO;
				DEBUG_INFORMATION_FORMAT = dwarf;
				ENABLE_STRICT_OBJC_MSGSEND = YES;
				ENABLE_TESTABILITY = YES;
				GCC_C_LANGUAGE_STANDARD = gnu99;
				GCC_DYNAMIC_NO_PIC = NO;
				GCC_NO_COMMON_BLOCKS = YES;
				GCC_OPTIMIZATION_LEVEL = 0;
				GCC_PREPROCESSOR_DEFINITIONS = (
					"DEBUG=1",
					"$(inherited)",
				);
				GCC_WARN_64_TO_32_BIT_CONVERSION = YES;
				GCC_WARN_ABOUT_RETURN_TYPE = YES_ERROR;
				GCC_WARN_UNDECLARED_SELECTOR = YES;
				GCC_WARN_UNINITIALIZED_AUTOS = YES_AGGRESSIVE;
				GCC_WARN_UNUSED_FUNCTION = YES;
				GCC_WARN_UNUSED_VARIABLE = YES;
				MACOSX_DEPLOYMENT_TARGET = 10.11;
				MTL_ENABLE_DEBUG_INFO = YES;
				ONLY_ACTIVE_ARCH = YES;
				SDKROOT = macosx;
			};
			name = Debug;
		};
		0EADC69F1D7C1E2600A61333 /* Release */ = {
			isa = XCBuildConfiguration;
			baseConfigurationReference = 0ECCAFFC1DB4A907001A6085 /* macSVGPluginConfig.xcconfig */;
			buildSettings = {
				ALWAYS_SEARCH_USER_PATHS = NO;
				CLANG_ANALYZER_NONNULL = YES;
				CLANG_CXX_LANGUAGE_STANDARD = "gnu++0x";
				CLANG_CXX_LIBRARY = "libc++";
				CLANG_ENABLE_MODULES = YES;
				CLANG_ENABLE_OBJC_ARC = YES;
				CLANG_WARN_BOOL_CONVERSION = YES;
				CLANG_WARN_CONSTANT_CONVERSION = YES;
				CLANG_WARN_DIRECT_OBJC_ISA_USAGE = YES_ERROR;
				CLANG_WARN_EMPTY_BODY = YES;
				CLANG_WARN_ENUM_CONVERSION = YES;
				CLANG_WARN_INFINITE_RECURSION = YES;
				CLANG_WARN_INT_CONVERSION = YES;
				CLANG_WARN_OBJC_ROOT_CLASS = YES_ERROR;
				CLANG_WARN_SUSPICIOUS_MOVE = YES;
				CLANG_WARN_UNREACHABLE_CODE = YES;
				CLANG_WARN__DUPLICATE_METHOD_MATCH = YES;
				CODE_SIGN_IDENTITY = "-";
				COPY_PHASE_STRIP = NO;
				DEBUG_INFORMATION_FORMAT = "dwarf-with-dsym";
				ENABLE_NS_ASSERTIONS = NO;
				ENABLE_STRICT_OBJC_MSGSEND = YES;
				GCC_C_LANGUAGE_STANDARD = gnu99;
				GCC_NO_COMMON_BLOCKS = YES;
				GCC_WARN_64_TO_32_BIT_CONVERSION = YES;
				GCC_WARN_ABOUT_RETURN_TYPE = YES_ERROR;
				GCC_WARN_UNDECLARED_SELECTOR = YES;
				GCC_WARN_UNINITIALIZED_AUTOS = YES_AGGRESSIVE;
				GCC_WARN_UNUSED_FUNCTION = YES;
				GCC_WARN_UNUSED_VARIABLE = YES;
				MACOSX_DEPLOYMENT_TARGET = 10.11;
				MTL_ENABLE_DEBUG_INFO = NO;
				SDKROOT = macosx;
			};
			name = Release;
		};
		0EADC6A11D7C1E2600A61333 /* Debug */ = {
			isa = XCBuildConfiguration;
			baseConfigurationReference = 0ECCAFFC1DB4A907001A6085 /* macSVGPluginConfig.xcconfig */;
			buildSettings = {
				COMBINE_HIDPI_IMAGES = YES;
				INFOPLIST_FILE = AnimateElementEditor/Info.plist;
				INSTALL_PATH = "$(LOCAL_LIBRARY_DIR)/Bundles";
				PRODUCT_BUNDLE_IDENTIFIER = com.arkphone.AnimateElementEditor;
				PRODUCT_NAME = "$(TARGET_NAME)";
				SKIP_INSTALL = YES;
				WRAPPER_EXTENSION = plugin;
			};
			name = Debug;
		};
		0EADC6A21D7C1E2600A61333 /* Release */ = {
			isa = XCBuildConfiguration;
			baseConfigurationReference = 0ECCAFFC1DB4A907001A6085 /* macSVGPluginConfig.xcconfig */;
			buildSettings = {
				COMBINE_HIDPI_IMAGES = YES;
				INFOPLIST_FILE = AnimateElementEditor/Info.plist;
				INSTALL_PATH = "$(LOCAL_LIBRARY_DIR)/Bundles";
				PRODUCT_BUNDLE_IDENTIFIER = com.arkphone.AnimateElementEditor;
				PRODUCT_NAME = "$(TARGET_NAME)";
				SKIP_INSTALL = YES;
				WRAPPER_EXTENSION = plugin;
			};
			name = Release;
		};
/* End XCBuildConfiguration section */

/* Begin XCConfigurationList section */
		0EADC6951D7C1E2600A61333 /* Build configuration list for PBXProject "AnimateElementEditor" */ = {
			isa = XCConfigurationList;
			buildConfigurations = (
				0EADC69E1D7C1E2600A61333 /* Debug */,
				0EADC69F1D7C1E2600A61333 /* Release */,
			);
			defaultConfigurationIsVisible = 0;
			defaultConfigurationName = Release;
		};
		0EADC6A01D7C1E2600A61333 /* Build configuration list for PBXNativeTarget "AnimateElementEditor" */ = {
			isa = XCConfigurationList;
			buildConfigurations = (
				0EADC6A11D7C1E2600A61333 /* Debug */,
				0EADC6A21D7C1E2600A61333 /* Release */,
			);
			defaultConfigurationIsVisible = 0;
			defaultConfigurationName = Release;
		};
/* End XCConfigurationList section */
	};
	rootObject = 0EADC6921D7C1E2600A61333 /* Project object */;
}
