// !$*UTF8*$!
{
	archiveVersion = 1;
	classes = {
	};
	objectVersion = 46;
	objects = {

/* Begin PBXBuildFile section */
		0E25EECC1796873500EFC1EF /* Cocoa.framework in Frameworks */ = {isa = PBXBuildFile; fileRef = 0E25EECB1796873500EFC1EF /* Cocoa.framework */; };
		0E25EED61796873500EFC1EF /* InfoPlist.strings in Resources */ = {isa = PBXBuildFile; fileRef = 0E25EED41796873500EFC1EF /* InfoPlist.strings */; };
		0E25EEE3179688B100EFC1EF /* SVGElementEditor.xib in Resources */ = {isa = PBXBuildFile; fileRef = 0E25EEE1179688B100EFC1EF /* SVGElementEditor.xib */; };
		0E693CF81D7054C600006B21 /* MacSVGPlugin.framework in Frameworks */ = {isa = PBXBuildFile; fileRef = 0E693CF71D7054C600006B21 /* MacSVGPlugin.framework */; };
		0E92539F17969B0900E04FAD /* SVGElementEditor.m in Sources */ = {isa = PBXBuildFile; fileRef = 0E25EEE01796877A00EFC1EF /* SVGElementEditor.m */; };
/* End PBXBuildFile section */

/* Begin PBXFileReference section */
		0E25EEC81796873500EFC1EF /* SVGElementEditor.plugin */ = {isa = PBXFileReference; explicitFileType = wrapper.cfbundle; includeInIndex = 0; path = SVGElementEditor.plugin; sourceTree = BUILT_PRODUCTS_DIR; };
		0E25EECB1796873500EFC1EF /* Cocoa.framework */ = {isa = PBXFileReference; lastKnownFileType = wrapper.framework; name = Cocoa.framework; path = System/Library/Frameworks/Cocoa.framework; sourceTree = SDKROOT; };
		0E25EECE1796873500EFC1EF /* Foundation.framework */ = {isa = PBXFileReference; lastKnownFileType = wrapper.framework; name = Foundation.framework; path = System/Library/Frameworks/Foundation.framework; sourceTree = SDKROOT; };
		0E25EECF1796873500EFC1EF /* CoreData.framework */ = {isa = PBXFileReference; lastKnownFileType = wrapper.framework; name = CoreData.framework; path = System/Library/Frameworks/CoreData.framework; sourceTree = SDKROOT; };
		0E25EED01796873500EFC1EF /* AppKit.framework */ = {isa = PBXFileReference; lastKnownFileType = wrapper.framework; name = AppKit.framework; path = System/Library/Frameworks/AppKit.framework; sourceTree = SDKROOT; };
		0E25EED31796873500EFC1EF /* SVGElementEditor-Info.plist */ = {isa = PBXFileReference; lastKnownFileType = text.plist.xml; path = "SVGElementEditor-Info.plist"; sourceTree = "<group>"; };
		0E25EED51796873500EFC1EF /* en */ = {isa = PBXFileReference; lastKnownFileType = text.plist.strings; name = en; path = en.lproj/InfoPlist.strings; sourceTree = "<group>"; };
		0E25EED71796873500EFC1EF /* SVGElementEditor-Prefix.pch */ = {isa = PBXFileReference; lastKnownFileType = sourcecode.c.h; path = "SVGElementEditor-Prefix.pch"; sourceTree = "<group>"; };
		0E25EEDF1796877A00EFC1EF /* SVGElementEditor.h */ = {isa = PBXFileReference; lastKnownFileType = sourcecode.c.h; path = SVGElementEditor.h; sourceTree = "<group>"; };
		0E25EEE01796877A00EFC1EF /* SVGElementEditor.m */ = {isa = PBXFileReference; lastKnownFileType = sourcecode.c.objc; path = SVGElementEditor.m; sourceTree = "<group>"; };
		0E25EEE2179688B100EFC1EF /* en */ = {isa = PBXFileReference; lastKnownFileType = file.xib; name = en; path = en.lproj/SVGElementEditor.xib; sourceTree = "<group>"; };
		0E693CF71D7054C600006B21 /* MacSVGPlugin.framework */ = {isa = PBXFileReference; lastKnownFileType = wrapper.framework; path = MacSVGPlugin.framework; sourceTree = BUILT_PRODUCTS_DIR; };
/* End PBXFileReference section */

/* Begin PBXFrameworksBuildPhase section */
		0E25EEC51796873500EFC1EF /* Frameworks */ = {
			isa = PBXFrameworksBuildPhase;
			buildActionMask = 2147483647;
			files = (
				0E693CF81D7054C600006B21 /* MacSVGPlugin.framework in Frameworks */,
				0E25EECC1796873500EFC1EF /* Cocoa.framework in Frameworks */,
			);
			runOnlyForDeploymentPostprocessing = 0;
		};
/* End PBXFrameworksBuildPhase section */

/* Begin PBXGroup section */
		0E25EEBF1796873500EFC1EF = {
			isa = PBXGroup;
			children = (
				0E25EED11796873500EFC1EF /* SVGElementEditor */,
				0E25EECA1796873500EFC1EF /* Frameworks */,
				0E25EEC91796873500EFC1EF /* Products */,
			);
			sourceTree = "<group>";
		};
		0E25EEC91796873500EFC1EF /* Products */ = {
			isa = PBXGroup;
			children = (
				0E25EEC81796873500EFC1EF /* SVGElementEditor.plugin */,
			);
			name = Products;
			sourceTree = "<group>";
		};
		0E25EECA1796873500EFC1EF /* Frameworks */ = {
			isa = PBXGroup;
			children = (
				0E693CF71D7054C600006B21 /* MacSVGPlugin.framework */,
				0E25EECB1796873500EFC1EF /* Cocoa.framework */,
				0E25EECD1796873500EFC1EF /* Other Frameworks */,
			);
			name = Frameworks;
			sourceTree = "<group>";
		};
		0E25EECD1796873500EFC1EF /* Other Frameworks */ = {
			isa = PBXGroup;
			children = (
				0E25EECE1796873500EFC1EF /* Foundation.framework */,
				0E25EECF1796873500EFC1EF /* CoreData.framework */,
				0E25EED01796873500EFC1EF /* AppKit.framework */,
			);
			name = "Other Frameworks";
			sourceTree = "<group>";
		};
		0E25EED11796873500EFC1EF /* SVGElementEditor */ = {
			isa = PBXGroup;
			children = (
				0E25EEDF1796877A00EFC1EF /* SVGElementEditor.h */,
				0E25EEE01796877A00EFC1EF /* SVGElementEditor.m */,
				0E25EED21796873500EFC1EF /* Supporting Files */,
			);
			path = SVGElementEditor;
			sourceTree = "<group>";
		};
		0E25EED21796873500EFC1EF /* Supporting Files */ = {
			isa = PBXGroup;
			children = (
				0E25EEE1179688B100EFC1EF /* SVGElementEditor.xib */,
				0E25EED31796873500EFC1EF /* SVGElementEditor-Info.plist */,
				0E25EED41796873500EFC1EF /* InfoPlist.strings */,
				0E25EED71796873500EFC1EF /* SVGElementEditor-Prefix.pch */,
			);
			name = "Supporting Files";
			sourceTree = "<group>";
		};
/* End PBXGroup section */

/* Begin PBXNativeTarget section */
		0E25EEC71796873500EFC1EF /* SVGElementEditor */ = {
			isa = PBXNativeTarget;
			buildConfigurationList = 0E25EEDA1796873500EFC1EF /* Build configuration list for PBXNativeTarget "SVGElementEditor" */;
			buildPhases = (
				0E25EEC41796873500EFC1EF /* Sources */,
				0E25EEC51796873500EFC1EF /* Frameworks */,
				0E25EEC61796873500EFC1EF /* Resources */,
			);
			buildRules = (
			);
			dependencies = (
			);
			name = SVGElementEditor;
			productName = SVGElementEditor;
			productReference = 0E25EEC81796873500EFC1EF /* SVGElementEditor.plugin */;
			productType = "com.apple.product-type.bundle";
		};
/* End PBXNativeTarget section */

/* Begin PBXProject section */
		0E25EEC01796873500EFC1EF /* Project object */ = {
			isa = PBXProject;
			attributes = {
				LastUpgradeCheck = 0800;
				ORGANIZATIONNAME = "ArkPhone LLC";
			};
			buildConfigurationList = 0E25EEC31796873500EFC1EF /* Build configuration list for PBXProject "SVGElementEditor" */;
			compatibilityVersion = "Xcode 3.2";
			developmentRegion = English;
			hasScannedForEncodings = 0;
			knownRegions = (
				en,
			);
			mainGroup = 0E25EEBF1796873500EFC1EF;
			productRefGroup = 0E25EEC91796873500EFC1EF /* Products */;
			projectDirPath = "";
			projectRoot = "";
			targets = (
				0E25EEC71796873500EFC1EF /* SVGElementEditor */,
			);
		};
/* End PBXProject section */

/* Begin PBXResourcesBuildPhase section */
		0E25EEC61796873500EFC1EF /* Resources */ = {
			isa = PBXResourcesBuildPhase;
			buildActionMask = 2147483647;
			files = (
				0E25EEE3179688B100EFC1EF /* SVGElementEditor.xib in Resources */,
				0E25EED61796873500EFC1EF /* InfoPlist.strings in Resources */,
			);
			runOnlyForDeploymentPostprocessing = 0;
		};
/* End PBXResourcesBuildPhase section */

/* Begin PBXSourcesBuildPhase section */
		0E25EEC41796873500EFC1EF /* Sources */ = {
			isa = PBXSourcesBuildPhase;
			buildActionMask = 2147483647;
			files = (
				0E92539F17969B0900E04FAD /* SVGElementEditor.m in Sources */,
			);
			runOnlyForDeploymentPostprocessing = 0;
		};
/* End PBXSourcesBuildPhase section */

/* Begin PBXVariantGroup section */
		0E25EED41796873500EFC1EF /* InfoPlist.strings */ = {
			isa = PBXVariantGroup;
			children = (
				0E25EED51796873500EFC1EF /* en */,
			);
			name = InfoPlist.strings;
			sourceTree = "<group>";
		};
		0E25EEE1179688B100EFC1EF /* SVGElementEditor.xib */ = {
			isa = PBXVariantGroup;
			children = (
				0E25EEE2179688B100EFC1EF /* en */,
			);
			name = SVGElementEditor.xib;
			sourceTree = "<group>";
		};
/* End PBXVariantGroup section */

/* Begin XCBuildConfiguration section */
		0E25EED81796873500EFC1EF /* Debug */ = {
			isa = XCBuildConfiguration;
			buildSettings = {
				ALWAYS_SEARCH_USER_PATHS = NO;
				CLANG_CXX_LANGUAGE_STANDARD = "gnu++0x";
				CLANG_CXX_LIBRARY = "libc++";
				CLANG_ENABLE_MODULES = YES;
				CLANG_ENABLE_OBJC_ARC = YES;
				CLANG_WARN_BOOL_CONVERSION = YES;
				CLANG_WARN_CONSTANT_CONVERSION = YES;
				CLANG_WARN_DIRECT_OBJC_ISA_USAGE = YES_ERROR;
				CLANG_WARN_EMPTY_BODY = YES;
				CLANG_WARN_ENUM_CONVERSION = YES;
				CLANG_WARN_INFINITE_RECURSION = YES;
				CLANG_WARN_INT_CONVERSION = YES;
				CLANG_WARN_OBJC_ROOT_CLASS = YES_ERROR;
				CLANG_WARN_SUSPICIOUS_MOVE = YES;
				CLANG_WARN_UNREACHABLE_CODE = YES;
				CLANG_WARN__DUPLICATE_METHOD_MATCH = YES;
				COPY_PHASE_STRIP = NO;
				ENABLE_STRICT_OBJC_MSGSEND = YES;
				ENABLE_TESTABILITY = YES;
				GCC_C_LANGUAGE_STANDARD = gnu99;
				GCC_DYNAMIC_NO_PIC = NO;
				GCC_ENABLE_OBJC_EXCEPTIONS = YES;
				GCC_NO_COMMON_BLOCKS = YES;
				GCC_OPTIMIZATION_LEVEL = 0;
				GCC_PREPROCESSOR_DEFINITIONS = (
					"DEBUG=1",
					"$(inherited)",
				);
				GCC_SYMBOLS_PRIVATE_EXTERN = NO;
				GCC_WARN_64_TO_32_BIT_CONVERSION = YES;
				GCC_WARN_ABOUT_RETURN_TYPE = YES_ERROR;
				GCC_WARN_UNDECLARED_SELECTOR = YES;
				GCC_WARN_UNINITIALIZED_AUTOS = YES;
				GCC_WARN_UNUSED_FUNCTION = YES;
				GCC_WARN_UNUSED_VARIABLE = YES;
				MACOSX_DEPLOYMENT_TARGET = 10.10;
				ONLY_ACTIVE_ARCH = YES;
				SDKROOT = macosx;
			};
			name = Debug;
		};
		0E25EED91796873500EFC1EF /* Release */ = {
			isa = XCBuildConfiguration;
			buildSettings = {
				ALWAYS_SEARCH_USER_PATHS = NO;
				CLANG_CXX_LANGUAGE_STANDARD = "gnu++0x";
				CLANG_CXX_LIBRARY = "libc++";
				CLANG_ENABLE_MODULES = YES;
				CLANG_ENABLE_OBJC_ARC = YES;
				CLANG_WARN_BOOL_CONVERSION = YES;
				CLANG_WARN_CONSTANT_CONVERSION = YES;
				CLANG_WARN_DIRECT_OBJC_ISA_USAGE = YES_ERROR;
				CLANG_WARN_EMPTY_BODY = YES;
				CLANG_WARN_ENUM_CONVERSION = YES;
				CLANG_WARN_INFINITE_RECURSION = YES;
				CLANG_WARN_INT_CONVERSION = YES;
				CLANG_WARN_OBJC_ROOT_CLASS = YES_ERROR;
				CLANG_WARN_SUSPICIOUS_MOVE = YES;
				CLANG_WARN_UNREACHABLE_CODE = YES;
				CLANG_WARN__DUPLICATE_METHOD_MATCH = YES;
				COPY_PHASE_STRIP = YES;
				DEBUG_INFORMATION_FORMAT = "dwarf-with-dsym";
				ENABLE_NS_ASSERTIONS = NO;
				ENABLE_STRICT_OBJC_MSGSEND = YES;
				GCC_C_LANGUAGE_STANDARD = gnu99;
				GCC_ENABLE_OBJC_EXCEPTIONS = YES;
				GCC_NO_COMMON_BLOCKS = YES;
				GCC_WARN_64_TO_32_BIT_CONVERSION = YES;
				GCC_WARN_ABOUT_RETURN_TYPE = YES_ERROR;
				GCC_WARN_UNDECLARED_SELECTOR = YES;
				GCC_WARN_UNINITIALIZED_AUTOS = YES;
				GCC_WARN_UNUSED_FUNCTION = YES;
				GCC_WARN_UNUSED_VARIABLE = YES;
				MACOSX_DEPLOYMENT_TARGET = 10.10;
				SDKROOT = macosx;
			};
			name = Release;
		};
		0E25EEDB1796873500EFC1EF /* Debug */ = {
			isa = XCBuildConfiguration;
			buildSettings = {
				COMBINE_HIDPI_IMAGES = YES;
				FRAMEWORK_SEARCH_PATHS = "$(inherited)";
				GCC_PRECOMPILE_PREFIX_HEADER = YES;
				GCC_PREFIX_HEADER = "SVGElementEditor/SVGElementEditor-Prefix.pch";
				INFOPLIST_FILE = "SVGElementEditor/SVGElementEditor-Info.plist";
				INSTALL_PATH = "$(LOCAL_LIBRARY_DIR)/Bundles";
				PRODUCT_BUNDLE_IDENTIFIER = "com.arkphone.${PRODUCT_NAME:rfc1034identifier}";
				PRODUCT_NAME = "$(TARGET_NAME)";
				WRAPPER_EXTENSION = plugin;
			};
			name = Debug;
		};
		0E25EEDC1796873500EFC1EF /* Release */ = {
			isa = XCBuildConfiguration;
			buildSettings = {
				COMBINE_HIDPI_IMAGES = YES;
				FRAMEWORK_SEARCH_PATHS = "$(inherited)";
				GCC_PRECOMPILE_PREFIX_HEADER = YES;
				GCC_PREFIX_HEADER = "SVGElementEditor/SVGElementEditor-Prefix.pch";
				INFOPLIST_FILE = "SVGElementEditor/SVGElementEditor-Info.plist";
				INSTALL_PATH = "$(LOCAL_LIBRARY_DIR)/Bundles";
				PRODUCT_BUNDLE_IDENTIFIER = "com.arkphone.${PRODUCT_NAME:rfc1034identifier}";
				PRODUCT_NAME = "$(TARGET_NAME)";
				WRAPPER_EXTENSION = plugin;
			};
			name = Release;
		};
/* End XCBuildConfiguration section */

/* Begin XCConfigurationList section */
		0E25EEC31796873500EFC1EF /* Build configuration list for PBXProject "SVGElementEditor" */ = {
			isa = XCConfigurationList;
			buildConfigurations = (
				0E25EED81796873500EFC1EF /* Debug */,
				0E25EED91796873500EFC1EF /* Release */,
			);
			defaultConfigurationIsVisible = 0;
			defaultConfigurationName = Release;
		};
		0E25EEDA1796873500EFC1EF /* Build configuration list for PBXNativeTarget "SVGElementEditor" */ = {
			isa = XCConfigurationList;
			buildConfigurations = (
				0E25EEDB1796873500EFC1EF /* Debug */,
				0E25EEDC1796873500EFC1EF /* Release */,
			);
			defaultConfigurationIsVisible = 0;
			defaultConfigurationName = Release;
		};
/* End XCConfigurationList section */
	};
	rootObject = 0E25EEC01796873500EFC1EF /* Project object */;
}
