// !$*UTF8*$!
{
	archiveVersion = 1;
	classes = {
	};
	objectVersion = 46;
	objects = {

/* Begin PBXBuildFile section */
		0ECCB00C1DB4AA4C001A6085 /* macSVGPluginConfig.xcconfig in Resources */ = {isa = PBXBuildFile; fileRef = 0ECCB00B1DB4AA4C001A6085 /* macSVGPluginConfig.xcconfig */; };
		0EF29DB51D7B7E9C00267844 /* IRIReferenceAttributeEditor.m in Sources */ = {isa = PBXBuildFile; fileRef = 0EF29DB41D7B7E9C00267844 /* IRIReferenceAttributeEditor.m */; };
		0EF29DB81D7B829200267844 /* IRIReferenceAttributeEditor.xib in Resources */ = {isa = PBXBuildFile; fileRef = 0EF29DB71D7B829200267844 /* IRIReferenceAttributeEditor.xib */; };
		0EF29DBA1D7B9F8500267844 /* MacSVGPlugin.framework in Frameworks */ = {isa = PBXBuildFile; fileRef = 0EF29DB91D7B9F8500267844 /* MacSVGPlugin.framework */; };
/* End PBXBuildFile section */

/* Begin PBXFileReference section */
		0ECCB00B1DB4AA4C001A6085 /* macSVGPluginConfig.xcconfig */ = {isa = PBXFileReference; fileEncoding = 4; lastKnownFileType = text.xcconfig; name = macSVGPluginConfig.xcconfig; path = "../../../macSVGPlugin Framework/macSVGPluginConfig.xcconfig"; sourceTree = "<group>"; };
		0EF29DA91D7B7BF300267844 /* IRIReferenceAttributeEditor.plugin */ = {isa = PBXFileReference; explicitFileType = wrapper.cfbundle; includeInIndex = 0; path = IRIReferenceAttributeEditor.plugin; sourceTree = BUILT_PRODUCTS_DIR; };
		0EF29DAC1D7B7BF300267844 /* Info.plist */ = {isa = PBXFileReference; lastKnownFileType = text.plist.xml; path = Info.plist; sourceTree = "<group>"; };
		0EF29DB31D7B7E9C00267844 /* IRIReferenceAttributeEditor.h */ = {isa = PBXFileReference; fileEncoding = 4; lastKnownFileType = sourcecode.c.h; path = IRIReferenceAttributeEditor.h; sourceTree = "<group>"; };
		0EF29DB41D7B7E9C00267844 /* IRIReferenceAttributeEditor.m */ = {isa = PBXFileReference; fileEncoding = 4; lastKnownFileType = sourcecode.c.objc; path = IRIReferenceAttributeEditor.m; sourceTree = "<group>"; };
		0EF29DB71D7B829200267844 /* IRIReferenceAttributeEditor.xib */ = {isa = PBXFileReference; fileEncoding = 4; lastKnownFileType = file.xib; path = IRIReferenceAttributeEditor.xib; sourceTree = "<group>"; };
		0EF29DB91D7B9F8500267844 /* MacSVGPlugin.framework */ = {isa = PBXFileReference; lastKnownFileType = wrapper.framework; path = MacSVGPlugin.framework; sourceTree = BUILT_PRODUCTS_DIR; };
/* End PBXFileReference section */

/* Begin PBXFrameworksBuildPhase section */
		0EF29DA61D7B7BF300267844 /* Frameworks */ = {
			isa = PBXFrameworksBuildPhase;
			buildActionMask = 2147483647;
			files = (
				0EF29DBA1D7B9F8500267844 /* MacSVGPlugin.framework in Frameworks */,
			);
			runOnlyForDeploymentPostprocessing = 0;
		};
/* End PBXFrameworksBuildPhase section */

/* Begin PBXGroup section */
		0EF29DA01D7B7BF300267844 = {
			isa = PBXGroup;
			children = (
				0EF29DAB1D7B7BF300267844 /* IRIReferenceAttributeEditor */,
				0EF29DB21D7B7C2B00267844 /* Frameworks */,
				0EF29DAA1D7B7BF300267844 /* Products */,
			);
			sourceTree = "<group>";
		};
		0EF29DAA1D7B7BF300267844 /* Products */ = {
			isa = PBXGroup;
			children = (
				0EF29DA91D7B7BF300267844 /* IRIReferenceAttributeEditor.plugin */,
			);
			name = Products;
			sourceTree = "<group>";
		};
		0EF29DAB1D7B7BF300267844 /* IRIReferenceAttributeEditor */ = {
			isa = PBXGroup;
			children = (
				0EF29DB31D7B7E9C00267844 /* IRIReferenceAttributeEditor.h */,
				0EF29DB41D7B7E9C00267844 /* IRIReferenceAttributeEditor.m */,
				0EF29DB61D7B7EA700267844 /* SupportingFiles */,
			);
			path = IRIReferenceAttributeEditor;
			sourceTree = "<group>";
		};
		0EF29DB21D7B7C2B00267844 /* Frameworks */ = {
			isa = PBXGroup;
			children = (
				0EF29DB91D7B9F8500267844 /* MacSVGPlugin.framework */,
			);
			name = Frameworks;
			sourceTree = "<group>";
		};
		0EF29DB61D7B7EA700267844 /* SupportingFiles */ = {
			isa = PBXGroup;
			children = (
				0EF29DAC1D7B7BF300267844 /* Info.plist */,
				0EF29DB71D7B829200267844 /* IRIReferenceAttributeEditor.xib */,
				0ECCB00B1DB4AA4C001A6085 /* macSVGPluginConfig.xcconfig */,
			);
			name = SupportingFiles;
			sourceTree = "<group>";
		};
/* End PBXGroup section */

/* Begin PBXNativeTarget section */
		0EF29DA81D7B7BF300267844 /* IRIReferenceAttributeEditor */ = {
			isa = PBXNativeTarget;
			buildConfigurationList = 0EF29DAF1D7B7BF300267844 /* Build configuration list for PBXNativeTarget "IRIReferenceAttributeEditor" */;
			buildPhases = (
				0EF29DA51D7B7BF300267844 /* Sources */,
				0EF29DA61D7B7BF300267844 /* Frameworks */,
				0EF29DA71D7B7BF300267844 /* Resources */,
			);
			buildRules = (
			);
			dependencies = (
			);
			name = IRIReferenceAttributeEditor;
			productName = IRIReferenceAttributeEditor;
			productReference = 0EF29DA91D7B7BF300267844 /* IRIReferenceAttributeEditor.plugin */;
			productType = "com.apple.product-type.bundle";
		};
/* End PBXNativeTarget section */

/* Begin PBXProject section */
		0EF29DA11D7B7BF300267844 /* Project object */ = {
			isa = PBXProject;
			attributes = {
				LastUpgradeCheck = 0800;
				ORGANIZATIONNAME = "ArkPhone LLC";
				TargetAttributes = {
					0EF29DA81D7B7BF300267844 = {
						CreatedOnToolsVersion = 7.3;
					};
				};
			};
			buildConfigurationList = 0EF29DA41D7B7BF300267844 /* Build configuration list for PBXProject "IRIReferenceAttributeEditor" */;
			compatibilityVersion = "Xcode 3.2";
			developmentRegion = English;
			hasScannedForEncodings = 0;
			knownRegions = (
				en,
			);
			mainGroup = 0EF29DA01D7B7BF300267844;
			productRefGroup = 0EF29DAA1D7B7BF300267844 /* Products */;
			projectDirPath = "";
			projectRoot = "";
			targets = (
				0EF29DA81D7B7BF300267844 /* IRIReferenceAttributeEditor */,
			);
		};
/* End PBXProject section */

/* Begin PBXResourcesBuildPhase section */
		0EF29DA71D7B7BF300267844 /* Resources */ = {
			isa = PBXResourcesBuildPhase;
			buildActionMask = 2147483647;
			files = (
				0ECCB00C1DB4AA4C001A6085 /* macSVGPluginConfig.xcconfig in Resources */,
				0EF29DB81D7B829200267844 /* IRIReferenceAttributeEditor.xib in Resources */,
			);
			runOnlyForDeploymentPostprocessing = 0;
		};
/* End PBXResourcesBuildPhase section */

/* Begin PBXSourcesBuildPhase section */
		0EF29DA51D7B7BF300267844 /* Sources */ = {
			isa = PBXSourcesBuildPhase;
			buildActionMask = 2147483647;
			files = (
				0EF29DB51D7B7E9C00267844 /* IRIReferenceAttributeEditor.m in Sources */,
			);
			runOnlyForDeploymentPostprocessing = 0;
		};
/* End PBXSourcesBuildPhase section */

/* Begin XCBuildConfiguration section */
		0EF29DAD1D7B7BF300267844 /* Debug */ = {
			isa = XCBuildConfiguration;
			baseConfigurationReference = 0ECCB00B1DB4AA4C001A6085 /* macSVGPluginConfig.xcconfig */;
			buildSettings = {
				ALWAYS_SEARCH_USER_PATHS = NO;
				CLANG_ANALYZER_NONNULL = YES;
				CLANG_CXX_LANGUAGE_STANDARD = "gnu++0x";
				CLANG_CXX_LIBRARY = "libc++";
				CLANG_ENABLE_MODULES = YES;
				CLANG_ENABLE_OBJC_ARC = YES;
				CLANG_WARN_BOOL_CONVERSION = YES;
				CLANG_WARN_CONSTANT_CONVERSION = YES;
				CLANG_WARN_DIRECT_OBJC_ISA_USAGE = YES_ERROR;
				CLANG_WARN_EMPTY_BODY = YES;
				CLANG_WARN_ENUM_CONVERSION = YES;
				CLANG_WARN_INFINITE_RECURSION = YES;
				CLANG_WARN_INT_CONVERSION = YES;
				CLANG_WARN_OBJC_ROOT_CLASS = YES_ERROR;
				CLANG_WARN_SUSPICIOUS_MOVE = YES;
				CLANG_WARN_UNREACHABLE_CODE = YES;
				CLANG_WARN__DUPLICATE_METHOD_MATCH = YES;
				CODE_SIGN_IDENTITY = "-";
				COPY_PHASE_STRIP = NO;
				DEBUG_INFORMATION_FORMAT = dwarf;
				ENABLE_STRICT_OBJC_MSGSEND = YES;
				ENABLE_TESTABILITY = YES;
				GCC_C_LANGUAGE_STANDARD = gnu99;
				GCC_DYNAMIC_NO_PIC = NO;
				GCC_NO_COMMON_BLOCKS = YES;
				GCC_OPTIMIZATION_LEVEL = 0;
				GCC_PREPROCESSOR_DEFINITIONS = (
					"DEBUG=1",
					"$(inherited)",
				);
				GCC_WARN_64_TO_32_BIT_CONVERSION = YES;
				GCC_WARN_ABOUT_RETURN_TYPE = YES_ERROR;
				GCC_WARN_UNDECLARED_SELECTOR = YES;
				GCC_WARN_UNINITIALIZED_AUTOS = YES_AGGRESSIVE;
				GCC_WARN_UNUSED_FUNCTION = YES;
				GCC_WARN_UNUSED_VARIABLE = YES;
				MACOSX_DEPLOYMENT_TARGET = 10.11;
				MTL_ENABLE_DEBUG_INFO = YES;
				ONLY_ACTIVE_ARCH = YES;
				SDKROOT = macosx;
			};
			name = Debug;
		};
		0EF29DAE1D7B7BF300267844 /* Release */ = {
			isa = XCBuildConfiguration;
			baseConfigurationReference = 0ECCB00B1DB4AA4C001A6085 /* macSVGPluginConfig.xcconfig */;
			buildSettings = {
				ALWAYS_SEARCH_USER_PATHS = NO;
				CLANG_ANALYZER_NONNULL = YES;
				CLANG_CXX_LANGUAGE_STANDARD = "gnu++0x";
				CLANG_CXX_LIBRARY = "libc++";
				CLANG_ENABLE_MODULES = YES;
				CLANG_ENABLE_OBJC_ARC = YES;
				CLANG_WARN_BOOL_CONVERSION = YES;
				CLANG_WARN_CONSTANT_CONVERSION = YES;
				CLANG_WARN_DIRECT_OBJC_ISA_USAGE = YES_ERROR;
				CLANG_WARN_EMPTY_BODY = YES;
				CLANG_WARN_ENUM_CONVERSION = YES;
				CLANG_WARN_INFINITE_RECURSION = YES;
				CLANG_WARN_INT_CONVERSION = YES;
				CLANG_WARN_OBJC_ROOT_CLASS = YES_ERROR;
				CLANG_WARN_SUSPICIOUS_MOVE = YES;
				CLANG_WARN_UNREACHABLE_CODE = YES;
				CLANG_WARN__DUPLICATE_METHOD_MATCH = YES;
				CODE_SIGN_IDENTITY = "-";
				COPY_PHASE_STRIP = NO;
				DEBUG_INFORMATION_FORMAT = "dwarf-with-dsym";
				ENABLE_NS_ASSERTIONS = NO;
				ENABLE_STRICT_OBJC_MSGSEND = YES;
				GCC_C_LANGUAGE_STANDARD = gnu99;
				GCC_NO_COMMON_BLOCKS = YES;
				GCC_WARN_64_TO_32_BIT_CONVERSION = YES;
				GCC_WARN_ABOUT_RETURN_TYPE = YES_ERROR;
				GCC_WARN_UNDECLARED_SELECTOR = YES;
				GCC_WARN_UNINITIALIZED_AUTOS = YES_AGGRESSIVE;
				GCC_WARN_UNUSED_FUNCTION = YES;
				GCC_WARN_UNUSED_VARIABLE = YES;
				MACOSX_DEPLOYMENT_TARGET = 10.11;
				MTL_ENABLE_DEBUG_INFO = NO;
				SDKROOT = macosx;
			};
			name = Release;
		};
		0EF29DB01D7B7BF300267844 /* Debug */ = {
			isa = XCBuildConfiguration;
			baseConfigurationReference = 0ECCB00B1DB4AA4C001A6085 /* macSVGPluginConfig.xcconfig */;
			buildSettings = {
				COMBINE_HIDPI_IMAGES = YES;
				INFOPLIST_FILE = IRIReferenceAttributeEditor/Info.plist;
				INSTALL_PATH = "$(LOCAL_LIBRARY_DIR)/Bundles";
				PRODUCT_BUNDLE_IDENTIFIER = com.arkphone.IRIReferenceAttributeEditor;
				PRODUCT_NAME = "$(TARGET_NAME)";
				SKIP_INSTALL = YES;
				WRAPPER_EXTENSION = plugin;
			};
			name = Debug;
		};
		0EF29DB11D7B7BF300267844 /* Release */ = {
			isa = XCBuildConfiguration;
			baseConfigurationReference = 0ECCB00B1DB4AA4C001A6085 /* macSVGPluginConfig.xcconfig */;
			buildSettings = {
				COMBINE_HIDPI_IMAGES = YES;
				INFOPLIST_FILE = IRIReferenceAttributeEditor/Info.plist;
				INSTALL_PATH = "$(LOCAL_LIBRARY_DIR)/Bundles";
				PRODUCT_BUNDLE_IDENTIFIER = com.arkphone.IRIReferenceAttributeEditor;
				PRODUCT_NAME = "$(TARGET_NAME)";
				SKIP_INSTALL = YES;
				WRAPPER_EXTENSION = plugin;
			};
			name = Release;
		};
/* End XCBuildConfiguration section */

/* Begin XCConfigurationList section */
		0EF29DA41D7B7BF300267844 /* Build configuration list for PBXProject "IRIReferenceAttributeEditor" */ = {
			isa = XCConfigurationList;
			buildConfigurations = (
				0EF29DAD1D7B7BF300267844 /* Debug */,
				0EF29DAE1D7B7BF300267844 /* Release */,
			);
			defaultConfigurationIsVisible = 0;
			defaultConfigurationName = Release;
		};
		0EF29DAF1D7B7BF300267844 /* Build configuration list for PBXNativeTarget "IRIReferenceAttributeEditor" */ = {
			isa = XCConfigurationList;
			buildConfigurations = (
				0EF29DB01D7B7BF300267844 /* Debug */,
				0EF29DB11D7B7BF300267844 /* Release */,
			);
			defaultConfigurationIsVisible = 0;
			defaultConfigurationName = Release;
		};
/* End XCConfigurationList section */
	};
	rootObject = 0EF29DA11D7B7BF300267844 /* Project object */;
}
