// !$*UTF8*$!
{
	archiveVersion = 1;
	classes = {
	};
	objectVersion = 46;
	objects = {

/* Begin PBXBuildFile section */
		0E06F8861D57B7F300265FA2 /* PathElementEditorFunctions.m in Sources */ = {isa = PBXBuildFile; fileRef = 0E06F8851D57B7F300265FA2 /* PathElementEditorFunctions.m */; };
		0E3F0F4B1E44606A001FDDD7 /* Cocoa.framework in Frameworks */ = {isa = PBXBuildFile; fileRef = 0EDEB22C1501AE0E008CA4AF /* Cocoa.framework */; };
		0E6E00381D37126A0060154A /* PathSegmentEditorPopoverViewController.m in Sources */ = {isa = PBXBuildFile; fileRef = 0E6E00371D37126A0060154A /* PathSegmentEditorPopoverViewController.m */; };
		0EA47BEA1D87DD53005B2FF3 /* ArcSettingsPopoverViewController.m in Sources */ = {isa = PBXBuildFile; fileRef = 0EA47BE91D87DD53005B2FF3 /* ArcSettingsPopoverViewController.m */; };
		0EDEB2371501AE0E008CA4AF /* InfoPlist.strings in Resources */ = {isa = PBXBuildFile; fileRef = 0EDEB2351501AE0E008CA4AF /* InfoPlist.strings */; };
		0EDEB2421501AEA4008CA4AF /* PathElementEditor.m in Sources */ = {isa = PBXBuildFile; fileRef = 0EDEB2411501AEA4008CA4AF /* PathElementEditor.m */; };
		0EDEB2441501AEED008CA4AF /* PathElementEditor.xib in Resources */ = {isa = PBXBuildFile; fileRef = 0EDEB2431501AEED008CA4AF /* PathElementEditor.xib */; };
		0EFA42F01D71153F001FDE91 /* MacSVGPlugin.framework in Frameworks */ = {isa = PBXBuildFile; fileRef = 0EFA42EF1D71153F001FDE91 /* MacSVGPlugin.framework */; };
/* End PBXBuildFile section */

/* Begin PBXFileReference section */
		0E06F8841D57B7F300265FA2 /* PathElementEditorFunctions.h */ = {isa = PBXFileReference; fileEncoding = 4; lastKnownFileType = sourcecode.c.h; path = PathElementEditorFunctions.h; sourceTree = "<group>"; };
		0E06F8851D57B7F300265FA2 /* PathElementEditorFunctions.m */ = {isa = PBXFileReference; fileEncoding = 4; lastKnownFileType = sourcecode.c.objc; path = PathElementEditorFunctions.m; sourceTree = "<group>"; };
		0E6E00361D37126A0060154A /* PathSegmentEditorPopoverViewController.h */ = {isa = PBXFileReference; fileEncoding = 4; lastKnownFileType = sourcecode.c.h; path = PathSegmentEditorPopoverViewController.h; sourceTree = "<group>"; };
		0E6E00371D37126A0060154A /* PathSegmentEditorPopoverViewController.m */ = {isa = PBXFileReference; fileEncoding = 4; lastKnownFileType = sourcecode.c.objc; path = PathSegmentEditorPopoverViewController.m; sourceTree = "<group>"; };
		0EA47BE81D87DD53005B2FF3 /* ArcSettingsPopoverViewController.h */ = {isa = PBXFileReference; fileEncoding = 4; lastKnownFileType = sourcecode.c.h; path = ArcSettingsPopoverViewController.h; sourceTree = "<group>"; };
		0EA47BE91D87DD53005B2FF3 /* ArcSettingsPopoverViewController.m */ = {isa = PBXFileReference; fileEncoding = 4; lastKnownFileType = sourcecode.c.objc; path = ArcSettingsPopoverViewController.m; sourceTree = "<group>"; };
		0ECCB00D1DB4AA6B001A6085 /* macSVGPluginConfig.xcconfig */ = {isa = PBXFileReference; fileEncoding = 4; lastKnownFileType = text.xcconfig; name = macSVGPluginConfig.xcconfig; path = "../../../macSVGPlugin Framework/macSVGPluginConfig.xcconfig"; sourceTree = "<group>"; };
		0EDEB2291501AE0E008CA4AF /* PathElementEditor.plugin */ = {isa = PBXFileReference; explicitFileType = wrapper.cfbundle; includeInIndex = 0; path = PathElementEditor.plugin; sourceTree = BUILT_PRODUCTS_DIR; };
		0EDEB22C1501AE0E008CA4AF /* Cocoa.framework */ = {isa = PBXFileReference; lastKnownFileType = wrapper.framework; name = Cocoa.framework; path = System/Library/Frameworks/Cocoa.framework; sourceTree = SDKROOT; };
		0EDEB2341501AE0E008CA4AF /* PathElementEditor-Info.plist */ = {isa = PBXFileReference; lastKnownFileType = text.plist.xml; path = "PathElementEditor-Info.plist"; sourceTree = "<group>"; };
		0EDEB2361501AE0E008CA4AF /* en */ = {isa = PBXFileReference; lastKnownFileType = text.plist.strings; name = en; path = en.lproj/InfoPlist.strings; sourceTree = "<group>"; };
		0EDEB2381501AE0E008CA4AF /* PathElementEditor-Prefix.pch */ = {isa = PBXFileReference; lastKnownFileType = sourcecode.c.h; path = "PathElementEditor-Prefix.pch"; sourceTree = "<group>"; };
		0EDEB2401501AEA4008CA4AF /* PathElementEditor.h */ = {isa = PBXFileReference; fileEncoding = 4; lastKnownFileType = sourcecode.c.h; path = PathElementEditor.h; sourceTree = "<group>"; };
		0EDEB2411501AEA4008CA4AF /* PathElementEditor.m */ = {isa = PBXFileReference; fileEncoding = 4; lastKnownFileType = sourcecode.c.objc; path = PathElementEditor.m; sourceTree = "<group>"; };
		0EDEB2431501AEED008CA4AF /* PathElementEditor.xib */ = {isa = PBXFileReference; fileEncoding = 4; lastKnownFileType = file.xib; path = PathElementEditor.xib; sourceTree = "<group>"; };
		0EFA42EF1D71153F001FDE91 /* MacSVGPlugin.framework */ = {isa = PBXFileReference; lastKnownFileType = wrapper.framework; path = MacSVGPlugin.framework; sourceTree = BUILT_PRODUCTS_DIR; };
/* End PBXFileReference section */

/* Begin PBXFrameworksBuildPhase section */
		0EDEB2261501AE0E008CA4AF /* Frameworks */ = {
			isa = PBXFrameworksBuildPhase;
			buildActionMask = 2147483647;
			files = (
				0E3F0F4B1E44606A001FDDD7 /* Cocoa.framework in Frameworks */,
				0EFA42F01D71153F001FDE91 /* MacSVGPlugin.framework in Frameworks */,
			);
			runOnlyForDeploymentPostprocessing = 0;
		};
/* End PBXFrameworksBuildPhase section */

/* Begin PBXGroup section */
		0EDEB21E1501AE0E008CA4AF = {
			isa = PBXGroup;
			children = (
				0EDEB2321501AE0E008CA4AF /* PathElementEditor */,
				0EDEB22B1501AE0E008CA4AF /* Frameworks */,
				0EDEB22A1501AE0E008CA4AF /* Products */,
			);
			sourceTree = "<group>";
		};
		0EDEB22A1501AE0E008CA4AF /* Products */ = {
			isa = PBXGroup;
			children = (
				0EDEB2291501AE0E008CA4AF /* PathElementEditor.plugin */,
			);
			name = Products;
			sourceTree = "<group>";
		};
		0EDEB22B1501AE0E008CA4AF /* Frameworks */ = {
			isa = PBXGroup;
			children = (
				0EFA42EF1D71153F001FDE91 /* MacSVGPlugin.framework */,
				0EDEB22C1501AE0E008CA4AF /* Cocoa.framework */,
			);
			name = Frameworks;
			sourceTree = "<group>";
		};
		0EDEB2321501AE0E008CA4AF /* PathElementEditor */ = {
			isa = PBXGroup;
			children = (
				0EDEB2401501AEA4008CA4AF /* PathElementEditor.h */,
				0EDEB2411501AEA4008CA4AF /* PathElementEditor.m */,
				0E06F8841D57B7F300265FA2 /* PathElementEditorFunctions.h */,
				0E06F8851D57B7F300265FA2 /* PathElementEditorFunctions.m */,
				0E6E00361D37126A0060154A /* PathSegmentEditorPopoverViewController.h */,
				0E6E00371D37126A0060154A /* PathSegmentEditorPopoverViewController.m */,
				0EA47BE81D87DD53005B2FF3 /* ArcSettingsPopoverViewController.h */,
				0EA47BE91D87DD53005B2FF3 /* ArcSettingsPopoverViewController.m */,
				0EDEB2331501AE0E008CA4AF /* Supporting Files */,
			);
			name = PathElementEditor;
			path = PathElementEditorPlugin;
			sourceTree = "<group>";
		};
		0EDEB2331501AE0E008CA4AF /* Supporting Files */ = {
			isa = PBXGroup;
			children = (
				0EDEB2431501AEED008CA4AF /* PathElementEditor.xib */,
				0EDEB2341501AE0E008CA4AF /* PathElementEditor-Info.plist */,
				0EDEB2351501AE0E008CA4AF /* InfoPlist.strings */,
				0EDEB2381501AE0E008CA4AF /* PathElementEditor-Prefix.pch */,
				0ECCB00D1DB4AA6B001A6085 /* macSVGPluginConfig.xcconfig */,
			);
			name = "Supporting Files";
			sourceTree = "<group>";
		};
/* End PBXGroup section */

/* Begin PBXNativeTarget section */
		0EDEB2281501AE0E008CA4AF /* PathElementEditor */ = {
			isa = PBXNativeTarget;
			buildConfigurationList = 0EDEB23B1501AE0E008CA4AF /* Build configuration list for PBXNativeTarget "PathElementEditor" */;
			buildPhases = (
				0EDEB2251501AE0E008CA4AF /* Sources */,
				0EDEB2261501AE0E008CA4AF /* Frameworks */,
				0EDEB2271501AE0E008CA4AF /* Resources */,
			);
			buildRules = (
			);
			dependencies = (
			);
			name = PathElementEditor;
			productName = PathElementPlugin;
			productReference = 0EDEB2291501AE0E008CA4AF /* PathElementEditor.plugin */;
			productType = "com.apple.product-type.bundle";
		};
/* End PBXNativeTarget section */

/* Begin PBXProject section */
		0EDEB2201501AE0E008CA4AF /* Project object */ = {
			isa = PBXProject;
			attributes = {
				LastUpgradeCheck = 0810;
				TargetAttributes = {
					0EDEB2281501AE0E008CA4AF = {
						DevelopmentTeam = MMFBWVS455;
						ProvisioningStyle = Automatic;
					};
				};
			};
			buildConfigurationList = 0EDEB2231501AE0E008CA4AF /* Build configuration list for PBXProject "PathElementEditor" */;
			compatibilityVersion = "Xcode 3.2";
			developmentRegion = English;
			hasScannedForEncodings = 0;
			knownRegions = (
				en,
			);
			mainGroup = 0EDEB21E1501AE0E008CA4AF;
			productRefGroup = 0EDEB22A1501AE0E008CA4AF /* Products */;
			projectDirPath = "";
			projectRoot = "";
			targets = (
				0EDEB2281501AE0E008CA4AF /* PathElementEditor */,
			);
		};
/* End PBXProject section */

/* Begin PBXResourcesBuildPhase section */
		0EDEB2271501AE0E008CA4AF /* Resources */ = {
			isa = PBXResourcesBuildPhase;
			buildActionMask = 2147483647;
			files = (
				0EDEB2371501AE0E008CA4AF /* InfoPlist.strings in Resources */,
				0EDEB2441501AEED008CA4AF /* PathElementEditor.xib in Resources */,
			);
			runOnlyForDeploymentPostprocessing = 0;
		};
/* End PBXResourcesBuildPhase section */

/* Begin PBXSourcesBuildPhase section */
		0EDEB2251501AE0E008CA4AF /* Sources */ = {
			isa = PBXSourcesBuildPhase;
			buildActionMask = 2147483647;
			files = (
				0E06F8861D57B7F300265FA2 /* PathElementEditorFunctions.m in Sources */,
				0E6E00381D37126A0060154A /* PathSegmentEditorPopoverViewController.m in Sources */,
				0EA47BEA1D87DD53005B2FF3 /* ArcSettingsPopoverViewController.m in Sources */,
				0EDEB2421501AEA4008CA4AF /* PathElementEditor.m in Sources */,
			);
			runOnlyForDeploymentPostprocessing = 0;
		};
/* End PBXSourcesBuildPhase section */

/* Begin PBXVariantGroup section */
		0EDEB2351501AE0E008CA4AF /* InfoPlist.strings */ = {
			isa = PBXVariantGroup;
			children = (
				0EDEB2361501AE0E008CA4AF /* en */,
			);
			name = InfoPlist.strings;
			sourceTree = "<group>";
		};
/* End PBXVariantGroup section */

/* Begin XCBuildConfiguration section */
		0EDEB2391501AE0E008CA4AF /* Debug */ = {
			isa = XCBuildConfiguration;
			baseConfigurationReference = 0ECCB00D1DB4AA6B001A6085 /* macSVGPluginConfig.xcconfig */;
			buildSettings = {
				ALWAYS_SEARCH_USER_PATHS = NO;
				CLANG_ENABLE_OBJC_ARC = YES;
				CLANG_WARN_BOOL_CONVERSION = YES;
				CLANG_WARN_CONSTANT_CONVERSION = YES;
				CLANG_WARN_EMPTY_BODY = YES;
				CLANG_WARN_ENUM_CONVERSION = YES;
				CLANG_WARN_INFINITE_RECURSION = YES;
				CLANG_WARN_INT_CONVERSION = YES;
				CLANG_WARN_SUSPICIOUS_MOVE = YES;
				CLANG_WARN_UNREACHABLE_CODE = YES;
				CLANG_WARN__DUPLICATE_METHOD_MATCH = YES;
				COPY_PHASE_STRIP = NO;
				ENABLE_STRICT_OBJC_MSGSEND = YES;
				ENABLE_TESTABILITY = YES;
				GCC_C_LANGUAGE_STANDARD = gnu99;
				GCC_DYNAMIC_NO_PIC = NO;
				GCC_ENABLE_OBJC_EXCEPTIONS = YES;
				GCC_NO_COMMON_BLOCKS = YES;
				GCC_OPTIMIZATION_LEVEL = 0;
				GCC_PREPROCESSOR_DEFINITIONS = (
					"DEBUG=1",
					"$(inherited)",
				);
				GCC_SYMBOLS_PRIVATE_EXTERN = NO;
				GCC_VERSION = com.apple.compilers.llvm.clang.1_0;
				GCC_WARN_64_TO_32_BIT_CONVERSION = YES;
				GCC_WARN_ABOUT_MISSING_PROTOTYPES = YES;
				GCC_WARN_ABOUT_RETURN_TYPE = YES;
				GCC_WARN_UNDECLARED_SELECTOR = YES;
				GCC_WARN_UNINITIALIZED_AUTOS = YES;
				GCC_WARN_UNUSED_FUNCTION = YES;
				GCC_WARN_UNUSED_VARIABLE = YES;
				MACOSX_DEPLOYMENT_TARGET = 10.11;
				ONLY_ACTIVE_ARCH = YES;
				SDKROOT = macosx;
			};
			name = Debug;
		};
		0EDEB23A1501AE0E008CA4AF /* Release */ = {
			isa = XCBuildConfiguration;
			baseConfigurationReference = 0ECCB00D1DB4AA6B001A6085 /* macSVGPluginConfig.xcconfig */;
			buildSettings = {
				ALWAYS_SEARCH_USER_PATHS = NO;
				CLANG_ENABLE_OBJC_ARC = YES;
				CLANG_WARN_BOOL_CONVERSION = YES;
				CLANG_WARN_CONSTANT_CONVERSION = YES;
				CLANG_WARN_EMPTY_BODY = YES;
				CLANG_WARN_ENUM_CONVERSION = YES;
				CLANG_WARN_INFINITE_RECURSION = YES;
				CLANG_WARN_INT_CONVERSION = YES;
				CLANG_WARN_SUSPICIOUS_MOVE = YES;
				CLANG_WARN_UNREACHABLE_CODE = YES;
				CLANG_WARN__DUPLICATE_METHOD_MATCH = YES;
				COPY_PHASE_STRIP = YES;
				DEBUG_INFORMATION_FORMAT = "dwarf-with-dsym";
				ENABLE_STRICT_OBJC_MSGSEND = YES;
				GCC_C_LANGUAGE_STANDARD = gnu99;
				GCC_ENABLE_OBJC_EXCEPTIONS = YES;
				GCC_NO_COMMON_BLOCKS = YES;
				GCC_VERSION = com.apple.compilers.llvm.clang.1_0;
				GCC_WARN_64_TO_32_BIT_CONVERSION = YES;
				GCC_WARN_ABOUT_MISSING_PROTOTYPES = YES;
				GCC_WARN_ABOUT_RETURN_TYPE = YES;
				GCC_WARN_UNDECLARED_SELECTOR = YES;
				GCC_WARN_UNINITIALIZED_AUTOS = YES;
				GCC_WARN_UNUSED_FUNCTION = YES;
				GCC_WARN_UNUSED_VARIABLE = YES;
				MACOSX_DEPLOYMENT_TARGET = 10.11;
				SDKROOT = macosx;
			};
			name = Release;
		};
		0EDEB23C1501AE0E008CA4AF /* Debug */ = {
			isa = XCBuildConfiguration;
			baseConfigurationReference = 0ECCB00D1DB4AA6B001A6085 /* macSVGPluginConfig.xcconfig */;
			buildSettings = {
				CLANG_ENABLE_OBJC_ARC = YES;
				CODE_SIGN_IDENTITY = "Mac Developer";
				COMBINE_HIDPI_IMAGES = YES;
				DEVELOPMENT_TEAM = MMFBWVS455;
				FRAMEWORK_SEARCH_PATHS = "$(inherited)";
				GCC_PRECOMPILE_PREFIX_HEADER = YES;
				GCC_PREFIX_HEADER = "PathElementEditorPlugin/PathElementEditor-Prefix.pch";
				HEADER_SEARCH_PATHS = "\"$(SRCROOT)/../../../macSVG\"/**";
				INFOPLIST_FILE = "PathElementEditorPlugin/PathElementEditor-Info.plist";
				INSTALL_PATH = "$(LOCAL_LIBRARY_DIR)/Bundles";
				PRODUCT_BUNDLE_IDENTIFIER = com.arkphone.macSVGPlugIn.PathElementEditor;
				PRODUCT_NAME = PathElementEditor;
				SDKROOT = macosx;
				SKIP_INSTALL = YES;
				WRAPPER_EXTENSION = plugin;
			};
			name = Debug;
		};
		0EDEB23D1501AE0E008CA4AF /* Release */ = {
			isa = XCBuildConfiguration;
			baseConfigurationReference = 0ECCB00D1DB4AA6B001A6085 /* macSVGPluginConfig.xcconfig */;
			buildSettings = {
				CLANG_ENABLE_OBJC_ARC = YES;
				CODE_SIGN_IDENTITY = "Mac Developer";
				COMBINE_HIDPI_IMAGES = YES;
				DEVELOPMENT_TEAM = MMFBWVS455;
				FRAMEWORK_SEARCH_PATHS = "$(inherited)";
				GCC_PRECOMPILE_PREFIX_HEADER = YES;
				GCC_PREFIX_HEADER = "PathElementEditorPlugin/PathElementEditor-Prefix.pch";
				HEADER_SEARCH_PATHS = "\"$(SRCROOT)/../../../macSVG\"/**";
				INFOPLIST_FILE = "PathElementEditorPlugin/PathElementEditor-Info.plist";
				INSTALL_PATH = "$(LOCAL_LIBRARY_DIR)/Bundles";
				PRODUCT_BUNDLE_IDENTIFIER = com.arkphone.macSVGPlugIn.PathElementEditor;
				PRODUCT_NAME = PathElementEditor;
				SDKROOT = macosx;
				SKIP_INSTALL = YES;
				WRAPPER_EXTENSION = plugin;
			};
			name = Release;
		};
/* End XCBuildConfiguration section */

/* Begin XCConfigurationList section */
		0EDEB2231501AE0E008CA4AF /* Build configuration list for PBXProject "PathElementEditor" */ = {
			isa = XCConfigurationList;
			buildConfigurations = (
				0EDEB2391501AE0E008CA4AF /* Debug */,
				0EDEB23A1501AE0E008CA4AF /* Release */,
			);
			defaultConfigurationIsVisible = 0;
			defaultConfigurationName = Release;
		};
		0EDEB23B1501AE0E008CA4AF /* Build configuration list for PBXNativeTarget "PathElementEditor" */ = {
			isa = XCConfigurationList;
			buildConfigurations = (
				0EDEB23C1501AE0E008CA4AF /* Debug */,
				0EDEB23D1501AE0E008CA4AF /* Release */,
			);
			defaultConfigurationIsVisible = 0;
			defaultConfigurationName = Release;
		};
/* End XCConfigurationList section */
	};
	rootObject = 0EDEB2201501AE0E008CA4AF /* Project object */;
}
