// !$*UTF8*$!
{
	archiveVersion = 1;
	classes = {
	};
	objectVersion = 46;
	objects = {

/* Begin PBXBuildFile section */
		0E08F52814B6B1C7008E6ADD /* ColorAttributeEditor.xib in Resources */ = {isa = PBXBuildFile; fileRef = 0E08F52714B6B1C7008E6ADD /* ColorAttributeEditor.xib */; };
		0E08F69414B6EC6A008E6ADD /* svg_colors.xml in Resources */ = {isa = PBXBuildFile; fileRef = 0E08F69314B6EC6A008E6ADD /* svg_colors.xml */; };
		0E08F6E414B75E87008E6ADD /* ColorAttributeEditor.h in Headers */ = {isa = PBXBuildFile; fileRef = 0E08F6E214B75E87008E6ADD /* ColorAttributeEditor.h */; };
		0E08F6E514B75E87008E6ADD /* ColorAttributeEditor.m in Sources */ = {isa = PBXBuildFile; fileRef = 0E08F6E314B75E87008E6ADD /* ColorAttributeEditor.m */; };
		0E18CA1814B5B8AE00AB9F78 /* Cocoa.framework in Frameworks */ = {isa = PBXBuildFile; fileRef = 0E18CA1714B5B8AE00AB9F78 /* Cocoa.framework */; };
		0E18CA2214B5B8AE00AB9F78 /* InfoPlist.strings in Resources */ = {isa = PBXBuildFile; fileRef = 0E18CA2014B5B8AE00AB9F78 /* InfoPlist.strings */; };
		0E2EEF9A14B793DF00A88ED9 /* ColorSwatchCell.h in Headers */ = {isa = PBXBuildFile; fileRef = 0E2EEF9814B793DF00A88ED9 /* ColorSwatchCell.h */; };
		0E2EEF9B14B793DF00A88ED9 /* ColorSwatchCell.m in Sources */ = {isa = PBXBuildFile; fileRef = 0E2EEF9914B793DF00A88ED9 /* ColorSwatchCell.m */; };
		0E5CC08217E283D0006ABDDA /* GradientEditorPopoverViewController.h in Headers */ = {isa = PBXBuildFile; fileRef = 0E5CC08017E283D0006ABDDA /* GradientEditorPopoverViewController.h */; };
		0E5CC08317E283D0006ABDDA /* GradientEditorPopoverViewController.m in Sources */ = {isa = PBXBuildFile; fileRef = 0E5CC08117E283D0006ABDDA /* GradientEditorPopoverViewController.m */; };
		0EFA42E81D7114B7001FDE91 /* MacSVGPlugin.framework in Frameworks */ = {isa = PBXBuildFile; fileRef = 0EFA42E71D7114B7001FDE91 /* MacSVGPlugin.framework */; };
/* End PBXBuildFile section */

/* Begin PBXFileReference section */
		0E08F52714B6B1C7008E6ADD /* ColorAttributeEditor.xib */ = {isa = PBXFileReference; fileEncoding = 4; lastKnownFileType = file.xib; path = ColorAttributeEditor.xib; sourceTree = "<group>"; };
		0E08F69314B6EC6A008E6ADD /* svg_colors.xml */ = {isa = PBXFileReference; fileEncoding = 4; lastKnownFileType = text.xml; path = svg_colors.xml; sourceTree = "<group>"; };
		0E08F6E214B75E87008E6ADD /* ColorAttributeEditor.h */ = {isa = PBXFileReference; fileEncoding = 4; lastKnownFileType = sourcecode.c.h; path = ColorAttributeEditor.h; sourceTree = "<group>"; };
		0E08F6E314B75E87008E6ADD /* ColorAttributeEditor.m */ = {isa = PBXFileReference; fileEncoding = 4; lastKnownFileType = sourcecode.c.objc; path = ColorAttributeEditor.m; sourceTree = "<group>"; };
		0E18CA1414B5B8AE00AB9F78 /* ColorAttributeEditor.plugin */ = {isa = PBXFileReference; explicitFileType = wrapper.cfbundle; includeInIndex = 0; path = ColorAttributeEditor.plugin; sourceTree = BUILT_PRODUCTS_DIR; };
		0E18CA1714B5B8AE00AB9F78 /* Cocoa.framework */ = {isa = PBXFileReference; lastKnownFileType = wrapper.framework; name = Cocoa.framework; path = System/Library/Frameworks/Cocoa.framework; sourceTree = SDKROOT; };
		0E18CA1F14B5B8AE00AB9F78 /* ColorAttributeEditor-Info.plist */ = {isa = PBXFileReference; lastKnownFileType = text.plist.xml; path = "ColorAttributeEditor-Info.plist"; sourceTree = "<group>"; };
		0E18CA2114B5B8AE00AB9F78 /* en */ = {isa = PBXFileReference; lastKnownFileType = text.plist.strings; name = en; path = en.lproj/InfoPlist.strings; sourceTree = "<group>"; };
		0E18CA2314B5B8AE00AB9F78 /* ColorAttributeEditor-Prefix.pch */ = {isa = PBXFileReference; lastKnownFileType = sourcecode.c.h; path = "ColorAttributeEditor-Prefix.pch"; sourceTree = "<group>"; };
		0E2EEF9814B793DF00A88ED9 /* ColorSwatchCell.h */ = {isa = PBXFileReference; fileEncoding = 4; lastKnownFileType = sourcecode.c.h; lineEnding = 0; path = ColorSwatchCell.h; sourceTree = "<group>"; xcLanguageSpecificationIdentifier = xcode.lang.objcpp; };
		0E2EEF9914B793DF00A88ED9 /* ColorSwatchCell.m */ = {isa = PBXFileReference; fileEncoding = 4; lastKnownFileType = sourcecode.c.objc; lineEnding = 0; path = ColorSwatchCell.m; sourceTree = "<group>"; xcLanguageSpecificationIdentifier = xcode.lang.objc; };
		0E5CC08017E283D0006ABDDA /* GradientEditorPopoverViewController.h */ = {isa = PBXFileReference; fileEncoding = 4; lastKnownFileType = sourcecode.c.h; path = GradientEditorPopoverViewController.h; sourceTree = "<group>"; };
		0E5CC08117E283D0006ABDDA /* GradientEditorPopoverViewController.m */ = {isa = PBXFileReference; fileEncoding = 4; lastKnownFileType = sourcecode.c.objc; lineEnding = 0; path = GradientEditorPopoverViewController.m; sourceTree = "<group>"; xcLanguageSpecificationIdentifier = xcode.lang.objc; };
		0EFA42E71D7114B7001FDE91 /* MacSVGPlugin.framework */ = {isa = PBXFileReference; lastKnownFileType = wrapper.framework; name = MacSVGPlugin.framework; path = "../../../../../../Library/Developer/Xcode/DerivedData/macSVG-czegvdherapyucbqorgcxoryqmlr/Build/Products/Debug/MacSVGPlugin.framework"; sourceTree = "<group>"; };
/* End PBXFileReference section */

/* Begin PBXFrameworksBuildPhase section */
		0E18CA1114B5B8AE00AB9F78 /* Frameworks */ = {
			isa = PBXFrameworksBuildPhase;
			buildActionMask = 2147483647;
			files = (
				0EFA42E81D7114B7001FDE91 /* MacSVGPlugin.framework in Frameworks */,
				0E18CA1814B5B8AE00AB9F78 /* Cocoa.framework in Frameworks */,
			);
			runOnlyForDeploymentPostprocessing = 0;
		};
/* End PBXFrameworksBuildPhase section */

/* Begin PBXGroup section */
		0E18CA0914B5B8AE00AB9F78 = {
			isa = PBXGroup;
			children = (
				0E18CA1D14B5B8AE00AB9F78 /* ColorAttributeEditor */,
				0E18CA1614B5B8AE00AB9F78 /* Frameworks */,
				0E18CA1514B5B8AE00AB9F78 /* Products */,
			);
			sourceTree = "<group>";
		};
		0E18CA1514B5B8AE00AB9F78 /* Products */ = {
			isa = PBXGroup;
			children = (
				0E18CA1414B5B8AE00AB9F78 /* ColorAttributeEditor.plugin */,
			);
			name = Products;
			sourceTree = "<group>";
		};
		0E18CA1614B5B8AE00AB9F78 /* Frameworks */ = {
			isa = PBXGroup;
			children = (
				0EFA42E71D7114B7001FDE91 /* MacSVGPlugin.framework */,
				0E18CA1714B5B8AE00AB9F78 /* Cocoa.framework */,
			);
			name = Frameworks;
			sourceTree = "<group>";
		};
		0E18CA1D14B5B8AE00AB9F78 /* ColorAttributeEditor */ = {
			isa = PBXGroup;
			children = (
				0E08F6E214B75E87008E6ADD /* ColorAttributeEditor.h */,
				0E08F6E314B75E87008E6ADD /* ColorAttributeEditor.m */,
				0E2EEF9814B793DF00A88ED9 /* ColorSwatchCell.h */,
				0E2EEF9914B793DF00A88ED9 /* ColorSwatchCell.m */,
				0E5CC08017E283D0006ABDDA /* GradientEditorPopoverViewController.h */,
				0E5CC08117E283D0006ABDDA /* GradientEditorPopoverViewController.m */,
				0E18CA1E14B5B8AE00AB9F78 /* Supporting Files */,
			);
			path = ColorAttributeEditor;
			sourceTree = "<group>";
		};
		0E18CA1E14B5B8AE00AB9F78 /* Supporting Files */ = {
			isa = PBXGroup;
			children = (
				0E08F52714B6B1C7008E6ADD /* ColorAttributeEditor.xib */,
				0E18CA1F14B5B8AE00AB9F78 /* ColorAttributeEditor-Info.plist */,
				0E18CA2014B5B8AE00AB9F78 /* InfoPlist.strings */,
				0E18CA2314B5B8AE00AB9F78 /* ColorAttributeEditor-Prefix.pch */,
				0E08F69314B6EC6A008E6ADD /* svg_colors.xml */,
			);
			name = "Supporting Files";
			sourceTree = "<group>";
		};
/* End PBXGroup section */

/* Begin PBXHeadersBuildPhase section */
		0E08F4E014B69A26008E6ADD /* Headers */ = {
			isa = PBXHeadersBuildPhase;
			buildActionMask = 2147483647;
			files = (
				0E5CC08217E283D0006ABDDA /* GradientEditorPopoverViewController.h in Headers */,
				0E08F6E414B75E87008E6ADD /* ColorAttributeEditor.h in Headers */,
				0E2EEF9A14B793DF00A88ED9 /* ColorSwatchCell.h in Headers */,
			);
			runOnlyForDeploymentPostprocessing = 0;
		};
/* End PBXHeadersBuildPhase section */

/* Begin PBXNativeTarget section */
		0E18CA1314B5B8AE00AB9F78 /* ColorAttributeEditor */ = {
			isa = PBXNativeTarget;
			buildConfigurationList = 0E18CA2614B5B8AF00AB9F78 /* Build configuration list for PBXNativeTarget "ColorAttributeEditor" */;
			buildPhases = (
				0E18CA1014B5B8AE00AB9F78 /* Sources */,
				0E18CA1114B5B8AE00AB9F78 /* Frameworks */,
				0E18CA1214B5B8AE00AB9F78 /* Resources */,
				0E08F4E014B69A26008E6ADD /* Headers */,
			);
			buildRules = (
			);
			dependencies = (
			);
			name = ColorAttributeEditor;
			productName = ColorEditor;
			productReference = 0E18CA1414B5B8AE00AB9F78 /* ColorAttributeEditor.plugin */;
			productType = "com.apple.product-type.bundle";
		};
/* End PBXNativeTarget section */

/* Begin PBXProject section */
		0E18CA0B14B5B8AE00AB9F78 /* Project object */ = {
			isa = PBXProject;
			attributes = {
				LastUpgradeCheck = 0800;
			};
			buildConfigurationList = 0E18CA0E14B5B8AE00AB9F78 /* Build configuration list for PBXProject "ColorAttributeEditor" */;
			compatibilityVersion = "Xcode 3.2";
			developmentRegion = English;
			hasScannedForEncodings = 0;
			knownRegions = (
				en,
			);
			mainGroup = 0E18CA0914B5B8AE00AB9F78;
			productRefGroup = 0E18CA1514B5B8AE00AB9F78 /* Products */;
			projectDirPath = "";
			projectRoot = "";
			targets = (
				0E18CA1314B5B8AE00AB9F78 /* ColorAttributeEditor */,
			);
		};
/* End PBXProject section */

/* Begin PBXResourcesBuildPhase section */
		0E18CA1214B5B8AE00AB9F78 /* Resources */ = {
			isa = PBXResourcesBuildPhase;
			buildActionMask = 2147483647;
			files = (
				0E18CA2214B5B8AE00AB9F78 /* InfoPlist.strings in Resources */,
				0E08F52814B6B1C7008E6ADD /* ColorAttributeEditor.xib in Resources */,
				0E08F69414B6EC6A008E6ADD /* svg_colors.xml in Resources */,
			);
			runOnlyForDeploymentPostprocessing = 0;
		};
/* End PBXResourcesBuildPhase section */

/* Begin PBXSourcesBuildPhase section */
		0E18CA1014B5B8AE00AB9F78 /* Sources */ = {
			isa = PBXSourcesBuildPhase;
			buildActionMask = 2147483647;
			files = (
				0E08F6E514B75E87008E6ADD /* ColorAttributeEditor.m in Sources */,
				0E5CC08317E283D0006ABDDA /* GradientEditorPopoverViewController.m in Sources */,
				0E2EEF9B14B793DF00A88ED9 /* ColorSwatchCell.m in Sources */,
			);
			runOnlyForDeploymentPostprocessing = 0;
		};
/* End PBXSourcesBuildPhase section */

/* Begin PBXVariantGroup section */
		0E18CA2014B5B8AE00AB9F78 /* InfoPlist.strings */ = {
			isa = PBXVariantGroup;
			children = (
				0E18CA2114B5B8AE00AB9F78 /* en */,
			);
			name = InfoPlist.strings;
			sourceTree = "<group>";
		};
/* End PBXVariantGroup section */

/* Begin XCBuildConfiguration section */
		0E18CA2414B5B8AE00AB9F78 /* Debug */ = {
			isa = XCBuildConfiguration;
			buildSettings = {
				ALWAYS_SEARCH_USER_PATHS = NO;
				CLANG_ENABLE_OBJC_ARC = YES;
				CLANG_WARN_BOOL_CONVERSION = YES;
				CLANG_WARN_CONSTANT_CONVERSION = YES;
				CLANG_WARN_EMPTY_BODY = YES;
				CLANG_WARN_ENUM_CONVERSION = YES;
				CLANG_WARN_INFINITE_RECURSION = YES;
				CLANG_WARN_INT_CONVERSION = YES;
				CLANG_WARN_SUSPICIOUS_MOVE = YES;
				CLANG_WARN_UNREACHABLE_CODE = YES;
				CLANG_WARN__DUPLICATE_METHOD_MATCH = YES;
				COPY_PHASE_STRIP = NO;
				ENABLE_STRICT_OBJC_MSGSEND = YES;
				ENABLE_TESTABILITY = YES;
				GCC_C_LANGUAGE_STANDARD = gnu99;
				GCC_DYNAMIC_NO_PIC = NO;
				GCC_ENABLE_OBJC_EXCEPTIONS = YES;
				GCC_NO_COMMON_BLOCKS = YES;
				GCC_OPTIMIZATION_LEVEL = 0;
				GCC_PREPROCESSOR_DEFINITIONS = (
					"DEBUG=1",
					"$(inherited)",
				);
				GCC_SYMBOLS_PRIVATE_EXTERN = NO;
				GCC_VERSION = com.apple.compilers.llvm.clang.1_0;
				GCC_WARN_64_TO_32_BIT_CONVERSION = YES;
				GCC_WARN_ABOUT_MISSING_PROTOTYPES = YES;
				GCC_WARN_ABOUT_RETURN_TYPE = YES;
				GCC_WARN_UNDECLARED_SELECTOR = YES;
				GCC_WARN_UNINITIALIZED_AUTOS = YES;
				GCC_WARN_UNUSED_FUNCTION = YES;
				GCC_WARN_UNUSED_VARIABLE = YES;
				MACOSX_DEPLOYMENT_TARGET = 10.10;
				ONLY_ACTIVE_ARCH = YES;
				SDKROOT = macosx;
			};
			name = Debug;
		};
		0E18CA2514B5B8AE00AB9F78 /* Release */ = {
			isa = XCBuildConfiguration;
			buildSettings = {
				ALWAYS_SEARCH_USER_PATHS = NO;
				CLANG_ENABLE_OBJC_ARC = YES;
				CLANG_WARN_BOOL_CONVERSION = YES;
				CLANG_WARN_CONSTANT_CONVERSION = YES;
				CLANG_WARN_EMPTY_BODY = YES;
				CLANG_WARN_ENUM_CONVERSION = YES;
				CLANG_WARN_INFINITE_RECURSION = YES;
				CLANG_WARN_INT_CONVERSION = YES;
				CLANG_WARN_SUSPICIOUS_MOVE = YES;
				CLANG_WARN_UNREACHABLE_CODE = YES;
				CLANG_WARN__DUPLICATE_METHOD_MATCH = YES;
				COPY_PHASE_STRIP = YES;
				DEBUG_INFORMATION_FORMAT = "dwarf-with-dsym";
				ENABLE_STRICT_OBJC_MSGSEND = YES;
				GCC_C_LANGUAGE_STANDARD = gnu99;
				GCC_ENABLE_OBJC_EXCEPTIONS = YES;
				GCC_NO_COMMON_BLOCKS = YES;
				GCC_VERSION = com.apple.compilers.llvm.clang.1_0;
				GCC_WARN_64_TO_32_BIT_CONVERSION = YES;
				GCC_WARN_ABOUT_MISSING_PROTOTYPES = YES;
				GCC_WARN_ABOUT_RETURN_TYPE = YES;
				GCC_WARN_UNDECLARED_SELECTOR = YES;
				GCC_WARN_UNINITIALIZED_AUTOS = YES;
				GCC_WARN_UNUSED_FUNCTION = YES;
				GCC_WARN_UNUSED_VARIABLE = YES;
				MACOSX_DEPLOYMENT_TARGET = 10.10;
				SDKROOT = macosx;
			};
			name = Release;
		};
		0E18CA2714B5B8AF00AB9F78 /* Debug */ = {
			isa = XCBuildConfiguration;
			buildSettings = {
				CLANG_ENABLE_OBJC_ARC = YES;
				COMBINE_HIDPI_IMAGES = YES;
				FRAMEWORK_SEARCH_PATHS = "$(inherited)";
				GCC_PRECOMPILE_PREFIX_HEADER = YES;
				GCC_PREFIX_HEADER = "ColorAttributeEditor/ColorAttributeEditor-Prefix.pch";
				HEADER_SEARCH_PATHS = "\"$(SRCROOT)/../../../macSVG\"/**";
				INFOPLIST_FILE = "ColorAttributeEditor/ColorAttributeEditor-Info.plist";
				INSTALL_PATH = "$(LOCAL_LIBRARY_DIR)/Bundles";
				MACOSX_DEPLOYMENT_TARGET = 10.6.8;
				OTHER_LDFLAGS = (
					"-weak_framework",
					MacSVGPlugin,
				);
				PRODUCT_BUNDLE_IDENTIFIER = "com.arkphone.${PRODUCT_NAME:rfc1034identifier}";
				PRODUCT_NAME = ColorAttributeEditor;
				SDKROOT = macosx;
				WRAPPER_EXTENSION = plugin;
			};
			name = Debug;
		};
		0E18CA2814B5B8AF00AB9F78 /* Release */ = {
			isa = XCBuildConfiguration;
			buildSettings = {
				CLANG_ENABLE_OBJC_ARC = YES;
				COMBINE_HIDPI_IMAGES = YES;
				FRAMEWORK_SEARCH_PATHS = "$(inherited)";
				GCC_PRECOMPILE_PREFIX_HEADER = YES;
				GCC_PREFIX_HEADER = "ColorAttributeEditor/ColorAttributeEditor-Prefix.pch";
				HEADER_SEARCH_PATHS = "\"$(SRCROOT)/../../../macSVG\"/**";
				INFOPLIST_FILE = "ColorAttributeEditor/ColorAttributeEditor-Info.plist";
				INSTALL_PATH = "$(LOCAL_LIBRARY_DIR)/Bundles";
				MACOSX_DEPLOYMENT_TARGET = 10.6.8;
				OTHER_LDFLAGS = (
					"-weak_framework",
					MacSVGPlugin,
				);
				PRODUCT_BUNDLE_IDENTIFIER = "com.arkphone.${PRODUCT_NAME:rfc1034identifier}";
				PRODUCT_NAME = ColorAttributeEditor;
				SDKROOT = macosx;
				WRAPPER_EXTENSION = plugin;
			};
			name = Release;
		};
/* End XCBuildConfiguration section */

/* Begin XCConfigurationList section */
		0E18CA0E14B5B8AE00AB9F78 /* Build configuration list for PBXProject "ColorAttributeEditor" */ = {
			isa = XCConfigurationList;
			buildConfigurations = (
				0E18CA2414B5B8AE00AB9F78 /* Debug */,
				0E18CA2514B5B8AE00AB9F78 /* Release */,
			);
			defaultConfigurationIsVisible = 0;
			defaultConfigurationName = Release;
		};
		0E18CA2614B5B8AF00AB9F78 /* Build configuration list for PBXNativeTarget "ColorAttributeEditor" */ = {
			isa = XCConfigurationList;
			buildConfigurations = (
				0E18CA2714B5B8AF00AB9F78 /* Debug */,
				0E18CA2814B5B8AF00AB9F78 /* Release */,
			);
			defaultConfigurationIsVisible = 0;
			defaultConfigurationName = Release;
		};
/* End XCConfigurationList section */
	};
	rootObject = 0E18CA0B14B5B8AE00AB9F78 /* Project object */;
}
